version: 6
environments:
  build:
    channels:
    - url: https://conda.anaconda.org/conda-forge/
    - url: https://prefix.dev/proto-model-forge/
    options:
      pypi-prerelease-mode: if-necessary-or-explicit
    packages:
      linux-64:
      - conda: https://conda.anaconda.org/conda-forge/linux-64/_openmp_mutex-4.5-20_gnu.conda
      - conda: https://conda.anaconda.org/conda-forge/noarch/ca-certificates-2026.1.4-hbd8a1cb_0.conda
      - conda: https://conda.anaconda.org/conda-forge/linux-64/libgcc-15.2.0-he0feb66_18.conda
      - conda: https://conda.anaconda.org/conda-forge/linux-64/libgcc-ng-15.2.0-h69a702a_18.conda
      - conda: https://conda.anaconda.org/conda-forge/linux-64/libgomp-15.2.0-he0feb66_18.conda
      - conda: https://conda.anaconda.org/conda-forge/linux-64/libstdcxx-15.2.0-h934c35e_18.conda
      - conda: https://conda.anaconda.org/conda-forge/linux-64/libstdcxx-ng-15.2.0-hdf11a46_18.conda
      - conda: https://conda.anaconda.org/conda-forge/linux-64/openssl-3.6.1-h35e630c_1.conda
      - conda: https://conda.anaconda.org/conda-forge/linux-64/patchelf-0.17.2-h58526e2_0.conda
      - conda: https://conda.anaconda.org/conda-forge/linux-64/rattler-build-0.57.2-he64ecbb_1.conda
      osx-64:
      - conda: https://conda.anaconda.org/conda-forge/osx-64/rattler-build-0.57.2-h4728fb8_1.conda
      osx-arm64:
      - conda: https://conda.anaconda.org/conda-forge/osx-arm64/rattler-build-0.57.2-h6fdd925_1.conda
      win-64:
      - conda: https://conda.anaconda.org/conda-forge/win-64/rattler-build-0.57.2-h18a1a76_1.conda
      - conda: https://conda.anaconda.org/conda-forge/win-64/ucrt-10.0.26100.0-h57928b3_0.conda
      - conda: https://conda.anaconda.org/conda-forge/win-64/vc-14.3-h41ae7f8_34.conda
      - conda: https://conda.anaconda.org/conda-forge/win-64/vc14_runtime-14.44.35208-h818238b_34.conda
      - conda: https://conda.anaconda.org/conda-forge/win-64/vcomp14-14.44.35208-h818238b_34.conda
  default:
    channels:
    - url: https://conda.anaconda.org/conda-forge/
    - url: https://prefix.dev/proto-model-forge/
    options:
      pypi-prerelease-mode: if-necessary-or-explicit
    packages:
      linux-64:
      - conda: https://conda.anaconda.org/conda-forge/linux-64/_openmp_mutex-4.5-20_gnu.conda
      - conda: https://conda.anaconda.org/conda-forge/noarch/ca-certificates-2026.1.4-hbd8a1cb_0.conda
      - conda: https://conda.anaconda.org/conda-forge/linux-64/libgcc-15.2.0-he0feb66_18.conda
      - conda: https://conda.anaconda.org/conda-forge/linux-64/libgcc-ng-15.2.0-h69a702a_18.conda
      - conda: https://conda.anaconda.org/conda-forge/linux-64/libgomp-15.2.0-he0feb66_18.conda
      - conda: https://conda.anaconda.org/conda-forge/linux-64/libstdcxx-15.2.0-h934c35e_18.conda
      - conda: https://conda.anaconda.org/conda-forge/linux-64/libstdcxx-ng-15.2.0-hdf11a46_18.conda
      - conda: https://conda.anaconda.org/conda-forge/linux-64/openssl-3.6.1-h35e630c_1.conda
      - conda: https://conda.anaconda.org/conda-forge/linux-64/patchelf-0.17.2-h58526e2_0.conda
      - conda: https://conda.anaconda.org/conda-forge/linux-64/rattler-build-0.57.2-he64ecbb_1.conda
      - conda: https://conda.anaconda.org/conda-forge/linux-64/whisper.cpp-1.8.3-hb31f3d0_0.conda
      - conda: https://prefix.dev/proto-model-forge/noarch/whisper.cpp-model-ggml-small-1.0.0-en.conda
      - conda: https://prefix.dev/proto-model-forge/noarch/whisper.cpp-model-ggml-small.en-1.0.0-h29f6e81_0.conda
      - conda: https://prefix.dev/proto-model-forge/noarch/whisper.cpp-model-ggml-tiny.en-q5_1-1.0.0-h02447bc_0.conda
      osx-64:
      - conda: https://conda.anaconda.org/conda-forge/osx-64/libcxx-21.1.8-h4fb565c_2.conda
      - conda: https://conda.anaconda.org/conda-forge/osx-64/llvm-openmp-21.1.8-h472b3d1_0.conda
      - conda: https://conda.anaconda.org/conda-forge/osx-64/rattler-build-0.57.2-h4728fb8_1.conda
      - conda: https://conda.anaconda.org/conda-forge/osx-64/whisper.cpp-1.8.3-h92f6899_0.conda
      - conda: https://prefix.dev/proto-model-forge/noarch/whisper.cpp-model-ggml-small-1.0.0-en.conda
      - conda: https://prefix.dev/proto-model-forge/noarch/whisper.cpp-model-ggml-small.en-1.0.0-h29f6e81_0.conda
      - conda: https://prefix.dev/proto-model-forge/noarch/whisper.cpp-model-ggml-tiny.en-q5_1-1.0.0-h02447bc_0.conda
      osx-arm64:
      - conda: https://conda.anaconda.org/conda-forge/osx-arm64/libcxx-21.1.8-h55c6f16_2.conda
      - conda: https://conda.anaconda.org/conda-forge/osx-arm64/llvm-openmp-21.1.8-h4a912ad_0.conda
      - conda: https://conda.anaconda.org/conda-forge/osx-arm64/rattler-build-0.57.2-h6fdd925_1.conda
      - conda: https://conda.anaconda.org/conda-forge/osx-arm64/whisper.cpp-1.8.3-h9be63a2_0.conda
      - conda: https://prefix.dev/proto-model-forge/noarch/whisper.cpp-model-ggml-small-1.0.0-en.conda
      - conda: https://prefix.dev/proto-model-forge/noarch/whisper.cpp-model-ggml-small.en-1.0.0-h29f6e81_0.conda
      - conda: https://prefix.dev/proto-model-forge/noarch/whisper.cpp-model-ggml-tiny.en-q5_1-1.0.0-h02447bc_0.conda
      win-64:
      - conda: https://conda.anaconda.org/conda-forge/win-64/llvm-openmp-21.1.8-h4fa8253_0.conda
      - conda: https://conda.anaconda.org/conda-forge/win-64/rattler-build-0.57.2-h18a1a76_1.conda
      - conda: https://conda.anaconda.org/conda-forge/win-64/ucrt-10.0.26100.0-h57928b3_0.conda
      - conda: https://conda.anaconda.org/conda-forge/win-64/vc-14.3-h41ae7f8_34.conda
      - conda: https://conda.anaconda.org/conda-forge/win-64/vc14_runtime-14.44.35208-h818238b_34.conda
      - conda: https://conda.anaconda.org/conda-forge/win-64/vcomp14-14.44.35208-h818238b_34.conda
      - conda: https://conda.anaconda.org/conda-forge/win-64/whisper.cpp-1.8.3-h0cfa676_0.conda
      - conda: https://prefix.dev/proto-model-forge/noarch/whisper.cpp-model-ggml-small-1.0.0-en.conda
      - conda: https://prefix.dev/proto-model-forge/noarch/whisper.cpp-model-ggml-small.en-1.0.0-h29f6e81_0.conda
      - conda: https://prefix.dev/proto-model-forge/noarch/whisper.cpp-model-ggml-tiny.en-q5_1-1.0.0-h02447bc_0.conda
packages:
- conda: https://conda.anaconda.org/conda-forge/linux-64/_openmp_mutex-4.5-20_gnu.conda
  build_number: 20
  sha256: 1dd3fffd892081df9726d7eb7e0dea6198962ba775bd88842135a4ddb4deb3c9
  md5: a9f577daf3de00bca7c3c76c0ecbd1de
  depends:
  - __glibc >=2.17,<3.0.a0
  - libgomp >=7.5.0
  constrains:
  - openmp_impl <0.0a0
  license: BSD-3-Clause
  license_family: BSD
  size: 28948
  timestamp: 1770939786096
- conda: https://conda.anaconda.org/conda-forge/noarch/ca-certificates-2026.1.4-hbd8a1cb_0.conda
  sha256: b5974ec9b50e3c514a382335efa81ed02b05906849827a34061c496f4defa0b2
  md5: bddacf101bb4dd0e51811cb69c7790e2
  depends:
  - __unix
  license: ISC
  size: 146519
  timestamp: 1767500828366
- conda: https://conda.anaconda.org/conda-forge/osx-64/libcxx-21.1.8-h4fb565c_2.conda
  sha256: 2619d471c50c466320e2aea906a4363e34efe181e61346e4453bc68264c5185f
  md5: 1ac756454e65fb3fd7bc7de599526e43
  depends:
  - __osx >=10.13
  license: Apache-2.0 WITH LLVM-exception
  license_family: Apache
  size: 571912
  timestamp: 1770237202404
- conda: https://conda.anaconda.org/conda-forge/osx-arm64/libcxx-21.1.8-h55c6f16_2.conda
  sha256: 5fbeb2fc2673f0455af6079abf93faaf27f11a92574ad51565fa1ecac9a4e2aa
  md5: 4cb5878bdb9ebfa65b7cdff5445087c5
  depends:
  - __osx >=11.0
  license: Apache-2.0 WITH LLVM-exception
  license_family: Apache
  size: 570068
  timestamp: 1770238262922
- conda: https://conda.anaconda.org/conda-forge/linux-64/libgcc-15.2.0-he0feb66_18.conda
  sha256: faf7d2017b4d718951e3a59d081eb09759152f93038479b768e3d612688f83f5
  md5: 0aa00f03f9e39fb9876085dee11a85d4
  depends:
  - __glibc >=2.17,<3.0.a0
  - _openmp_mutex >=4.5
  constrains:
  - libgcc-ng ==15.2.0=*_18
  - libgomp 15.2.0 he0feb66_18
  license: GPL-3.0-only WITH GCC-exception-3.1
  license_family: GPL
  size: 1041788
  timestamp: 1771378212382
- conda: https://conda.anaconda.org/conda-forge/linux-64/libgcc-ng-15.2.0-h69a702a_18.conda
  sha256: e318a711400f536c81123e753d4c797a821021fb38970cebfb3f454126016893
  md5: d5e96b1ed75ca01906b3d2469b4ce493
  depends:
  - libgcc 15.2.0 he0feb66_18
  license: GPL-3.0-only WITH GCC-exception-3.1
  license_family: GPL
  size: 27526
  timestamp: 1771378224552
- conda: https://conda.anaconda.org/conda-forge/linux-64/libgomp-15.2.0-he0feb66_18.conda
  sha256: 21337ab58e5e0649d869ab168d4e609b033509de22521de1bfed0c031bfc5110
  md5: 239c5e9546c38a1e884d69effcf4c882
  depends:
  - __glibc >=2.17,<3.0.a0
  license: GPL-3.0-only WITH GCC-exception-3.1
  license_family: GPL
  size: 603262
  timestamp: 1771378117851
- conda: https://conda.anaconda.org/conda-forge/linux-64/libstdcxx-15.2.0-h934c35e_18.conda
  sha256: 78668020064fdaa27e9ab65cd2997e2c837b564ab26ce3bf0e58a2ce1a525c6e
  md5: 1b08cd684f34175e4514474793d44bcb
  depends:
  - __glibc >=2.17,<3.0.a0
  - libgcc 15.2.0 he0feb66_18
  constrains:
  - libstdcxx-ng ==15.2.0=*_18
  license: GPL-3.0-only WITH GCC-exception-3.1
  license_family: GPL
  size: 5852330
  timestamp: 1771378262446
- conda: https://conda.anaconda.org/conda-forge/linux-64/libstdcxx-ng-15.2.0-hdf11a46_18.conda
  sha256: 3c902ffd673cb3c6ddde624cdb80f870b6c835f8bf28384b0016e7d444dd0145
  md5: 6235adb93d064ecdf3d44faee6f468de
  depends:
  - libstdcxx 15.2.0 h934c35e_18
  license: GPL-3.0-only WITH GCC-exception-3.1
  license_family: GPL
  size: 27575
  timestamp: 1771378314494
- conda: https://conda.anaconda.org/conda-forge/osx-64/llvm-openmp-21.1.8-h472b3d1_0.conda
  sha256: 2a41885f44cbc1546ff26369924b981efa37a29d20dc5445b64539ba240739e6
  md5: e2d811e9f464dd67398b4ce1f9c7c872
  depends:
  - __osx >=10.13
  constrains:
  - openmp 21.1.8|21.1.8.*
  - intel-openmp <0.0a0
  license: Apache-2.0 WITH LLVM-exception
  license_family: APACHE
  size: 311405
  timestamp: 1765965194247
- conda: https://conda.anaconda.org/conda-forge/osx-arm64/llvm-openmp-21.1.8-h4a912ad_0.conda
  sha256: 56bcd20a0a44ddd143b6ce605700fdf876bcf5c509adc50bf27e76673407a070
  md5: 206ad2df1b5550526e386087bef543c7
  depends:
  - __osx >=11.0
  constrains:
  - openmp 21.1.8|21.1.8.*
  - intel-openmp <0.0a0
  license: Apache-2.0 WITH LLVM-exception
  license_family: APACHE
  size: 285974
  timestamp: 1765964756583
- conda: https://conda.anaconda.org/conda-forge/win-64/llvm-openmp-21.1.8-h4fa8253_0.conda
  sha256: 145c4370abe870f10987efa9fc15a8383f1dab09abbc9ad4ff15a55d45658f7b
  md5: 0d8b425ac862bcf17e4b28802c9351cb
  depends:
  - ucrt >=10.0.20348.0
  - vc >=14.3,<15
  - vc14_runtime >=14.44.35208
  constrains:
  - intel-openmp <0.0a0
  - openmp 21.1.8|21.1.8.*
  license: Apache-2.0 WITH LLVM-exception
  license_family: APACHE
  size: 347566
  timestamp: 1765964942856
- conda: https://conda.anaconda.org/conda-forge/linux-64/openssl-3.6.1-h35e630c_1.conda
  sha256: 44c877f8af015332a5d12f5ff0fb20ca32f896526a7d0cdb30c769df1144fb5c
  md5: f61eb8cd60ff9057122a3d338b99c00f
  depends:
  - __glibc >=2.17,<3.0.a0
  - ca-certificates
  - libgcc >=14
  license: Apache-2.0
  license_family: Apache
  size: 3164551
  timestamp: 1769555830639
- conda: https://conda.anaconda.org/conda-forge/linux-64/patchelf-0.17.2-h58526e2_0.conda
  sha256: eb355ac225be2f698e19dba4dcab7cb0748225677a9799e9cc8e4cadc3cb738f
  md5: ba76a6a448819560b5f8b08a9c74f415
  depends:
  - libgcc-ng >=7.5.0
  - libstdcxx-ng >=7.5.0
  license: GPL-3.0-or-later
  license_family: GPL
  size: 94048
  timestamp: 1673473024463
- conda: https://conda.anaconda.org/conda-forge/linux-64/rattler-build-0.57.2-he64ecbb_1.conda
  sha256: 7050df6859e1f3c1223dead79b1f4aa5b92f7519db7ad7cb5982d87fd2999852
  md5: 4d9aed902b2afb49657a4e85f493aedd
  depends:
  - patchelf
  - __glibc >=2.17,<3.0.a0
  - libgcc >=14
  - openssl >=3.5.5,<4.0a0
  constrains:
  - __glibc >=2.17
  license: BSD-3-Clause
  license_family: BSD
  size: 19271452
  timestamp: 1770649397185
- conda: https://conda.anaconda.org/conda-forge/osx-64/rattler-build-0.57.2-h4728fb8_1.conda
  sha256: 5ec581b4f39060c1b90687627f4b0bf04ee62d405f43072de7c83a46a9448324
  md5: 286416d9d4b0c9fedd90e0ed56be240c
  depends:
  - __osx >=10.13
  constrains:
  - __osx >=10.13
  license: BSD-3-Clause
  license_family: BSD
  size: 17788466
  timestamp: 1770649457751
- conda: https://conda.anaconda.org/conda-forge/osx-arm64/rattler-build-0.57.2-h6fdd925_1.conda
  sha256: 7fa90a0d2ecb767796cadfa6f1384e52229c9cdd10c11ce49a3428048f64b91c
  md5: a28d853fd6fff4914e3248343b158837
  depends:
  - __osx >=11.0
  constrains:
  - __osx >=11.0
  license: BSD-3-Clause
  license_family: BSD
  size: 16253611
  timestamp: 1770649407683
- conda: https://conda.anaconda.org/conda-forge/win-64/rattler-build-0.57.2-h18a1a76_1.conda
  sha256: 9b575a5eaae1c427251d75ad36f6707f541e59056adcde35fca410c7f5aa29aa
  md5: 545404bf30528513fd12c111b01c95a0
  depends:
  - vc >=14.3,<15
  - vc14_runtime >=14.44.35208
  - ucrt >=10.0.20348.0
  license: BSD-3-Clause
  license_family: BSD
  size: 16311008
  timestamp: 1770649439173
- conda: https://conda.anaconda.org/conda-forge/win-64/ucrt-10.0.26100.0-h57928b3_0.conda
  sha256: 3005729dce6f3d3f5ec91dfc49fc75a0095f9cd23bab49efb899657297ac91a5
  md5: 71b24316859acd00bdb8b38f5e2ce328
  constrains:
  - vc14_runtime >=14.29.30037
  - vs2015_runtime >=14.29.30037
  license: LicenseRef-MicrosoftWindowsSDK10
  size: 694692
  timestamp: 1756385147981
- conda: https://conda.anaconda.org/conda-forge/win-64/vc-14.3-h41ae7f8_34.conda
  sha256: 9dc40c2610a6e6727d635c62cced5ef30b7b30123f5ef67d6139e23d21744b3a
  md5: 1e610f2416b6acdd231c5f573d754a0f
  depends:
  - vc14_runtime >=14.44.35208
  track_features:
  - vc14
  license: BSD-3-Clause
  license_family: BSD
  size: 19356
  timestamp: 1767320221521
- conda: https://conda.anaconda.org/conda-forge/win-64/vc14_runtime-14.44.35208-h818238b_34.conda
  sha256: 02732f953292cce179de9b633e74928037fa3741eb5ef91c3f8bae4f761d32a5
  md5: 37eb311485d2d8b2c419449582046a42
  depends:
  - ucrt >=10.0.20348.0
  - vcomp14 14.44.35208 h818238b_34
  constrains:
  - vs2015_runtime 14.44.35208.* *_34
  license: LicenseRef-MicrosoftVisualCpp2015-2022Runtime
  license_family: Proprietary
  size: 683233
  timestamp: 1767320219644
- conda: https://conda.anaconda.org/conda-forge/win-64/vcomp14-14.44.35208-h818238b_34.conda
  sha256: 878d5d10318b119bd98ed3ed874bd467acbe21996e1d81597a1dbf8030ea0ce6
  md5: 242d9f25d2ae60c76b38a5e42858e51d
  depends:
  - ucrt >=10.0.20348.0
  constrains:
  - vs2015_runtime 14.44.35208.* *_34
  license: LicenseRef-MicrosoftVisualCpp2015-2022Runtime
  license_family: Proprietary
  size: 115235
  timestamp: 1767320173250
- conda: https://conda.anaconda.org/conda-forge/linux-64/whisper.cpp-1.8.3-hb31f3d0_0.conda
  sha256: 32c91e19a0b24663c106aee57b1bc394136f16b6539606196ddc320e867faf93
  md5: 1063369890befe98ac238e498af8a228
  depends:
  - libgcc >=14
  - __glibc >=2.17,<3.0.a0
  - _openmp_mutex >=4.5
  - libstdcxx >=14
  constrains:
  - llama.cpp <0.0.0a0
  license: MIT
  license_family: MIT
  size: 1317515
  timestamp: 1769293196333
- conda: https://conda.anaconda.org/conda-forge/osx-64/whisper.cpp-1.8.3-h92f6899_0.conda
  sha256: 736a74d0a28cf5f90767d6119ed00f6f36f40202e5d594ac178ad9be808649b3
  md5: 1b2a72e5a4cb0fb4281293f0846b86ff
  depends:
  - llvm-openmp >=19.1.7
  - __osx >=10.13
  - libcxx >=19
  constrains:
  - llama.cpp <0.0.0a0
  license: MIT
  license_family: MIT
  size: 1344303
  timestamp: 1769293218235
- conda: https://conda.anaconda.org/conda-forge/osx-arm64/whisper.cpp-1.8.3-h9be63a2_0.conda
  sha256: 9ebec177eacfd9788cbc9f3cc705ef8ec0794c34b16a2fa1159b4700786a29be
  md5: 70f108d40212a773751b616281584ddd
  depends:
  - __osx >=11.0
  - libcxx >=19
  - llvm-openmp >=19.1.7
  constrains:
  - llama.cpp <0.0.0a0
  license: MIT
  license_family: MIT
  size: 1403524
  timestamp: 1769293250936
- conda: https://conda.anaconda.org/conda-forge/win-64/whisper.cpp-1.8.3-h0cfa676_0.conda
  sha256: ff20dd37a7b293bd8bc2d896b373a2c84722ea87b53fabf1d110a232467afd6d
  md5: 5ce4b3bd11c220d85002d384ed72d378
  depends:
  - llvm-openmp >=21.1.8
  - vc >=14.3,<15
  - vc14_runtime >=14.44.35208
  - ucrt >=10.0.20348.0
  constrains:
  - llama.cpp <0.0.0a0
  license: MIT
  license_family: MIT
  size: 1341839
  timestamp: 1769293245145
- conda: https://prefix.dev/proto-model-forge/noarch/whisper.cpp-model-ggml-small-1.0.0-en.conda
  sha256: 4a6b68dd14a3a27597ac21e1aa7685b54509fa3d1c77d197dff6e3d7832fc32b
  md5: 45112421a691c98ea3a1a9fd492f85b1
  depends:
  - whisper.cpp-model-ggml-small.en ==1.0.0
  license: MIT
  size: 2541
  timestamp: 1771512662633
- conda: https://prefix.dev/proto-model-forge/noarch/whisper.cpp-model-ggml-small.en-1.0.0-h29f6e81_0.conda
  sha256: 3f112eb92afb30a7ad26ef86c2b509fbca387454bae2abc4bf29e099ec1057b0
  md5: 69de1ab787aeb6751464776da7a46766
  license: MIT
  size: 442971425
  timestamp: 1771512662633
- conda: https://prefix.dev/proto-model-forge/noarch/whisper.cpp-model-ggml-tiny.en-q5_1-1.0.0-h02447bc_0.conda
  sha256: 1ea5d6288a9fbd4806bfcd0be590530c8c97410595effeb1764959409ac25f1e
  md5: 30ea7683a7b358ec9a4f0e2df65629c4
  license: MIT
  size: 28617113
  timestamp: 1771512662632
